{
  "name": "xamroalrvyvx.angular",
  "version": "0.0.0",
  "lockfileVersion": 1,
  "requires": true,
  "dependencies": {
    "@types/connect": {
      "version": "3.4.35",
      "resolved": "https://registry.npmjs.org/@types/connect/-/connect-3.4.35.tgz",
      "integrity": "sha512-cdeYyv4KWoEgpBISTxWvqYsVy444DOqehiF3fM3ne10AmJ62RSyNkUnxMJXHQWRQQX2eR94m5y1IZyDwBjV9FQ==",
      "requires": {
        "@types/node": "*"
      },
      "dependencies": {
        "@types/node": {
          "version": "16.11.7",
          "resolved": "https://registry.npmjs.org/@types/node/-/node-16.11.7.tgz",
          "integrity": "sha512-QB5D2sqfSjCmTuWcBWyJ+/44bcjO7VbjSbOE0ucoVbAsSNQc4Lt6QkgkVXkTDwkL4z/beecZNDvVX15D4P8Jbw=="
        }
      }
    },
    "@types/http-server": {
      "version": "0.12.1",
      "resolved": "https://registry.npmjs.org/@types/http-server/-/http-server-0.12.1.tgz",
      "integrity": "sha512-OJ8zs0o8JuHo92KCCsLq4BqkHPi1+Aj2yoPQXJ18LPUxOA1lqKfgBLtHNAQTwwPzeBqyo+HDkWD91MkfOGvNJg==",
      "requires": {
        "@types/connect": "*"
      }
    }
  }
}
